
Microsoft Visual Studio Solution File, Format Version 12.00
# Visual Studio Version 17
VisualStudioVersion = 17.13.35919.96 d17.13
MinimumVisualStudioVersion = 10.0.40219.1
Project("{FAE04EC0-301F-11D3-BF4B-00C04F79EFBC}") = "Oxizen.API", "Oxizen.API.csproj", "{0E30DEB8-292D-4D0B-A0A0-99071D9C303C}"
EndProject
Global
	GlobalSection(SolutionConfigurationPlatforms) = preSolution
		Debug|Any CPU = Debug|Any CPU
		Release|Any CPU = Release|Any CPU
	EndGlobalSection
	GlobalSection(ProjectConfigurationPlatforms) = postSolution
		{0E30DEB8-292D-4D0B-A0A0-99071D9C303C}.Debug|Any CPU.ActiveCfg = Debug|Any CPU
		{0E30DEB8-292D-4D0B-A0A0-99071D9C303C}.Debug|Any CPU.Build.0 = Debug|Any CPU
		{0E30DEB8-292D-4D0B-A0A0-99071D9C303C}.Release|Any CPU.ActiveCfg = Release|Any CPU
		{0E30DEB8-292D-4D0B-A0A0-99071D9C303C}.Release|Any CPU.Build.0 = Release|Any CPU
	EndGlobalSection
	GlobalSection(SolutionProperties) = preSolution
		HideSolutionNode = FALSE
	EndGlobalSection
	GlobalSection(ExtensibilityGlobals) = postSolution
		SolutionGuid = {9256F256-A84F-4421-A2AF-179C73B0722D}
	EndGlobalSection
EndGlobal
